
Microsoft Visual Studio Solution File, Format Version 12.00
# Visual Studio Version 17
VisualStudioVersion = 17.4.33213.308
MinimumVisualStudioVersion = 10.0.40219.1
Project("{FAE04EC0-301F-11D3-BF4B-00C04F79EFBC}") = "StreamWriteReader", "StreamWriteReader\StreamWriteReader.csproj", "{4BFD7668-8DFE-4650-B731-A1778798437A}"
EndProject
Global
	GlobalSection(SolutionConfigurationPlatforms) = preSolution
		Debug|Any CPU = Debug|Any CPU
		Release|Any CPU = Release|Any CPU
	EndGlobalSection
	GlobalSection(ProjectConfigurationPlatforms) = postSolution
		{4BFD7668-8DFE-4650-B731-A1778798437A}.Debug|Any CPU.ActiveCfg = Debug|Any CPU
		{4BFD7668-8DFE-4650-B731-A1778798437A}.Debug|Any CPU.Build.0 = Debug|Any CPU
		{4BFD7668-8DFE-4650-B731-A1778798437A}.Release|Any CPU.ActiveCfg = Release|Any CPU
		{4BFD7668-8DFE-4650-B731-A1778798437A}.Release|Any CPU.Build.0 = Release|Any CPU
	EndGlobalSection
	GlobalSection(SolutionProperties) = preSolution
		HideSolutionNode = FALSE
	EndGlobalSection
	GlobalSection(ExtensibilityGlobals) = postSolution
		SolutionGuid = {8C7E6458-E070-4830-8393-BCEB102D294A}
	EndGlobalSection
EndGlobal
